// !$*UTF8*$!
{
	archiveVersion = 1;
	classes = {
	};
	objectVersion = 56;
	objects = {

/* Begin PBXBuildFile section */
		266FCA6E2A5DA3B30085D145 /* Greek_BeersApp.swift in Sources */ = {isa = PBXBuildFile; fileRef = 266FCA6D2A5DA3B30085D145 /* Greek_BeersApp.swift */; };
		266FCA702A5DA3B30085D145 /* ContentView.swift in Sources */ = {isa = PBXBuildFile; fileRef = 266FCA6F2A5DA3B30085D145 /* ContentView.swift */; };
		266FCA722A5DA3B40085D145 /* Assets.xcassets in Resources */ = {isa = PBXBuildFile; fileRef = 266FCA712A5DA3B40085D145 /* Assets.xcassets */; };
		266FCA752A5DA3B40085D145 /* Preview Assets.xcassets in Resources */ = {isa = PBXBuildFile; fileRef = 266FCA742A5DA3B40085D145 /* Preview Assets.xcassets */; };
		266FCA7E2A5DA5C00085D145 /* IntroView.swift in Sources */ = {isa = PBXBuildFile; fileRef = 266FCA7D2A5DA5C00085D145 /* IntroView.swift */; };
		266FCA832A5DB3850085D145 /* Location.swift in Sources */ = {isa = PBXBuildFile; fileRef = 266FCA822A5DB3850085D145 /* Location.swift */; };
		266FCA862A5DB6CD0085D145 /* LocationDataService.swift in Sources */ = {isa = PBXBuildFile; fileRef = 266FCA852A5DB6CD0085D145 /* LocationDataService.swift */; };
		266FCA882A5DBC120085D145 /* LocationsView.swift in Sources */ = {isa = PBXBuildFile; fileRef = 266FCA872A5DBC120085D145 /* LocationsView.swift */; };
		266FCA8A2A5DC08E0085D145 /* LocationsViewModel.swift in Sources */ = {isa = PBXBuildFile; fileRef = 266FCA892A5DC08E0085D145 /* LocationsViewModel.swift */; };
		26864BE12A5FC41F00B96DD4 /* LocationDetailView.swift in Sources */ = {isa = PBXBuildFile; fileRef = 26864BE02A5FC41F00B96DD4 /* LocationDetailView.swift */; };
		26C02B292A5E82920057DA88 /* LocationsListView.swift in Sources */ = {isa = PBXBuildFile; fileRef = 26C02B282A5E82920057DA88 /* LocationsListView.swift */; };
		26C02B2B2A5EAF690057DA88 /* LocationPreviewView.swift in Sources */ = {isa = PBXBuildFile; fileRef = 26C02B2A2A5EAF690057DA88 /* LocationPreviewView.swift */; };
		26C02B2D2A5EF92D0057DA88 /* LocationMapAnnotationView.swift in Sources */ = {isa = PBXBuildFile; fileRef = 26C02B2C2A5EF92D0057DA88 /* LocationMapAnnotationView.swift */; };
/* End PBXBuildFile section */

/* Begin PBXFileReference section */
		266FCA6A2A5DA3B30085D145 /* Greek Beers.app */ = {isa = PBXFileReference; explicitFileType = wrapper.application; includeInIndex = 0; path = "Greek Beers.app"; sourceTree = BUILT_PRODUCTS_DIR; };
		266FCA6D2A5DA3B30085D145 /* Greek_BeersApp.swift */ = {isa = PBXFileReference; lastKnownFileType = sourcecode.swift; path = Greek_BeersApp.swift; sourceTree = "<group>"; };
		266FCA6F2A5DA3B30085D145 /* ContentView.swift */ = {isa = PBXFileReference; lastKnownFileType = sourcecode.swift; path = ContentView.swift; sourceTree = "<group>"; };
		266FCA712A5DA3B40085D145 /* Assets.xcassets */ = {isa = PBXFileReference; lastKnownFileType = folder.assetcatalog; path = Assets.xcassets; sourceTree = "<group>"; };
		266FCA742A5DA3B40085D145 /* Preview Assets.xcassets */ = {isa = PBXFileReference; lastKnownFileType = folder.assetcatalog; path = "Preview Assets.xcassets"; sourceTree = "<group>"; };
		266FCA7D2A5DA5C00085D145 /* IntroView.swift */ = {isa = PBXFileReference; lastKnownFileType = sourcecode.swift; path = IntroView.swift; sourceTree = "<group>"; };
		266FCA822A5DB3850085D145 /* Location.swift */ = {isa = PBXFileReference; lastKnownFileType = sourcecode.swift; path = Location.swift; sourceTree = "<group>"; };
		266FCA852A5DB6CD0085D145 /* LocationDataService.swift */ = {isa = PBXFileReference; lastKnownFileType = sourcecode.swift; path = LocationDataService.swift; sourceTree = "<group>"; };
		266FCA872A5DBC120085D145 /* LocationsView.swift */ = {isa = PBXFileReference; lastKnownFileType = sourcecode.swift; path = LocationsView.swift; sourceTree = "<group>"; };
		266FCA892A5DC08E0085D145 /* LocationsViewModel.swift */ = {isa = PBXFileReference; lastKnownFileType = sourcecode.swift; path = LocationsViewModel.swift; sourceTree = "<group>"; };
		26864BE02A5FC41F00B96DD4 /* LocationDetailView.swift */ = {isa = PBXFileReference; lastKnownFileType = sourcecode.swift; path = LocationDetailView.swift; sourceTree = "<group>"; };
		26C02B282A5E82920057DA88 /* LocationsListView.swift */ = {isa = PBXFileReference; lastKnownFileType = sourcecode.swift; path = LocationsListView.swift; sourceTree = "<group>"; };
		26C02B2A2A5EAF690057DA88 /* LocationPreviewView.swift */ = {isa = PBXFileReference; lastKnownFileType = sourcecode.swift; path = LocationPreviewView.swift; sourceTree = "<group>"; };
		26C02B2C2A5EF92D0057DA88 /* LocationMapAnnotationView.swift */ = {isa = PBXFileReference; lastKnownFileType = sourcecode.swift; path = LocationMapAnnotationView.swift; sourceTree = "<group>"; };
/* End PBXFileReference section */

/* Begin PBXFrameworksBuildPhase section */
		266FCA672A5DA3B30085D145 /* Frameworks */ = {
			isa = PBXFrameworksBuildPhase;
			buildActionMask = 2147483647;
			files = (
			);
			runOnlyForDeploymentPostprocessing = 0;
		};
/* End PBXFrameworksBuildPhase section */

/* Begin PBXGroup section */
		266FCA612A5DA3B30085D145 = {
			isa = PBXGroup;
			children = (
				266FCA6C2A5DA3B30085D145 /* Greek Beers */,
				266FCA6B2A5DA3B30085D145 /* Products */,
			);
			sourceTree = "<group>";
		};
		266FCA6B2A5DA3B30085D145 /* Products */ = {
			isa = PBXGroup;
			children = (
				266FCA6A2A5DA3B30085D145 /* Greek Beers.app */,
			);
			name = Products;
			sourceTree = "<group>";
		};
		266FCA6C2A5DA3B30085D145 /* Greek Beers */ = {
			isa = PBXGroup;
			children = (
				266FCA842A5DB66A0085D145 /* DataServises */,
				266FCA812A5DB2B70085D145 /* Models */,
				266FCA802A5DB2AA0085D145 /* ViewModels */,
				266FCA7F2A5DB29A0085D145 /* Views */,
				266FCA6D2A5DA3B30085D145 /* Greek_BeersApp.swift */,
				266FCA6F2A5DA3B30085D145 /* ContentView.swift */,
				266FCA712A5DA3B40085D145 /* Assets.xcassets */,
				266FCA732A5DA3B40085D145 /* Preview Content */,
			);
			path = "Greek Beers";
			sourceTree = "<group>";
		};
		266FCA732A5DA3B40085D145 /* Preview Content */ = {
			isa = PBXGroup;
			children = (
				266FCA742A5DA3B40085D145 /* Preview Assets.xcassets */,
			);
			path = "Preview Content";
			sourceTree = "<group>";
		};
		266FCA7F2A5DB29A0085D145 /* Views */ = {
			isa = PBXGroup;
			children = (
				266FCA7D2A5DA5C00085D145 /* IntroView.swift */,
				266FCA872A5DBC120085D145 /* LocationsView.swift */,
				26C02B282A5E82920057DA88 /* LocationsListView.swift */,
				26C02B2A2A5EAF690057DA88 /* LocationPreviewView.swift */,
				26C02B2C2A5EF92D0057DA88 /* LocationMapAnnotationView.swift */,
				26864BE02A5FC41F00B96DD4 /* LocationDetailView.swift */,
			);
			path = Views;
			sourceTree = "<group>";
		};
		266FCA802A5DB2AA0085D145 /* ViewModels */ = {
			isa = PBXGroup;
			children = (
				266FCA892A5DC08E0085D145 /* LocationsViewModel.swift */,
			);
			path = ViewModels;
			sourceTree = "<group>";
		};
		266FCA812A5DB2B70085D145 /* Models */ = {
			isa = PBXGroup;
			children = (
				266FCA822A5DB3850085D145 /* Location.swift */,
			);
			path = Models;
			sourceTree = "<group>";
		};
		266FCA842A5DB66A0085D145 /* DataServises */ = {
			isa = PBXGroup;
			children = (
				266FCA852A5DB6CD0085D145 /* LocationDataService.swift */,
			);
			path = DataServises;
			sourceTree = "<group>";
		};
/* End PBXGroup section */

/* Begin PBXNativeTarget section */
		266FCA692A5DA3B30085D145 /* Greek Beers */ = {
			isa = PBXNativeTarget;
			buildConfigurationList = 266FCA782A5DA3B40085D145 /* Build configuration list for PBXNativeTarget "Greek Beers" */;
			buildPhases = (
				266FCA662A5DA3B30085D145 /* Sources */,
				266FCA672A5DA3B30085D145 /* Frameworks */,
				266FCA682A5DA3B30085D145 /* Resources */,
			);
			buildRules = (
			);
			dependencies = (
			);
			name = "Greek Beers";
			productName = "Greek Beers";
			productReference = 266FCA6A2A5DA3B30085D145 /* Greek Beers.app */;
			productType = "com.apple.product-type.application";
		};
/* End PBXNativeTarget section */

/* Begin PBXProject section */
		266FCA622A5DA3B30085D145 /* Project object */ = {
			isa = PBXProject;
			attributes = {
				BuildIndependentTargetsInParallel = 1;
				LastSwiftUpdateCheck = 1430;
				LastUpgradeCheck = 1430;
				TargetAttributes = {
					266FCA692A5DA3B30085D145 = {
						CreatedOnToolsVersion = 14.3.1;
					};
				};
			};
			buildConfigurationList = 266FCA652A5DA3B30085D145 /* Build configuration list for PBXProject "Greek Beers" */;
			compatibilityVersion = "Xcode 14.0";
			developmentRegion = en;
			hasScannedForEncodings = 0;
			knownRegions = (
				en,
				Base,
			);
			mainGroup = 266FCA612A5DA3B30085D145;
			productRefGroup = 266FCA6B2A5DA3B30085D145 /* Products */;
			projectDirPath = "";
			projectRoot = "";
			targets = (
				266FCA692A5DA3B30085D145 /* Greek Beers */,
			);
		};
/* End PBXProject section */

/* Begin PBXResourcesBuildPhase section */
		266FCA682A5DA3B30085D145 /* Resources */ = {
			isa = PBXResourcesBuildPhase;
			buildActionMask = 2147483647;
			files = (
				266FCA752A5DA3B40085D145 /* Preview Assets.xcassets in Resources */,
				266FCA722A5DA3B40085D145 /* Assets.xcassets in Resources */,
			);
			runOnlyForDeploymentPostprocessing = 0;
		};
/* End PBXResourcesBuildPhase section */

/* Begin PBXSourcesBuildPhase section */
		266FCA662A5DA3B30085D145 /* Sources */ = {
			isa = PBXSourcesBuildPhase;
			buildActionMask = 2147483647;
			files = (
				266FCA862A5DB6CD0085D145 /* LocationDataService.swift in Sources */,
				26C02B2D2A5EF92D0057DA88 /* LocationMapAnnotationView.swift in Sources */,
				26864BE12A5FC41F00B96DD4 /* LocationDetailView.swift in Sources */,
				266FCA702A5DA3B30085D145 /* ContentView.swift in Sources */,
				266FCA6E2A5DA3B30085D145 /* Greek_BeersApp.swift in Sources */,
				266FCA8A2A5DC08E0085D145 /* LocationsViewModel.swift in Sources */,
				26C02B2B2A5EAF690057DA88 /* LocationPreviewView.swift in Sources */,
				266FCA882A5DBC120085D145 /* LocationsView.swift in Sources */,
				266FCA832A5DB3850085D145 /* Location.swift in Sources */,
				26C02B292A5E82920057DA88 /* LocationsListView.swift in Sources */,
				266FCA7E2A5DA5C00085D145 /* IntroView.swift in Sources */,
			);
			runOnlyForDeploymentPostprocessing = 0;
		};
/* End PBXSourcesBuildPhase section */

/* Begin XCBuildConfiguration section */
		266FCA762A5DA3B40085D145 /* Debug */ = {
			isa = XCBuildConfiguration;
			buildSettings = {
				ALWAYS_SEARCH_USER_PATHS = NO;
				CLANG_ANALYZER_NONNULL = YES;
				CLANG_ANALYZER_NUMBER_OBJECT_CONVERSION = YES_AGGRESSIVE;
				CLANG_CXX_LANGUAGE_STANDARD = "gnu++20";
				CLANG_ENABLE_MODULES = YES;
				CLANG_ENABLE_OBJC_ARC = YES;
				CLANG_ENABLE_OBJC_WEAK = YES;
				CLANG_WARN_BLOCK_CAPTURE_AUTORELEASING = YES;
				CLANG_WARN_BOOL_CONVERSION = YES;
				CLANG_WARN_COMMA = YES;
				CLANG_WARN_CONSTANT_CONVERSION = YES;
				CLANG_WARN_DEPRECATED_OBJC_IMPLEMENTATIONS = YES;
				CLANG_WARN_DIRECT_OBJC_ISA_USAGE = YES_ERROR;
				CLANG_WARN_DOCUMENTATION_COMMENTS = YES;
				CLANG_WARN_EMPTY_BODY = YES;
				CLANG_WARN_ENUM_CONVERSION = YES;
				CLANG_WARN_INFINITE_RECURSION = YES;
				CLANG_WARN_INT_CONVERSION = YES;
				CLANG_WARN_NON_LITERAL_NULL_CONVERSION = YES;
				CLANG_WARN_OBJC_IMPLICIT_RETAIN_SELF = YES;
				CLANG_WARN_OBJC_LITERAL_CONVERSION = YES;
				CLANG_WARN_OBJC_ROOT_CLASS = YES_ERROR;
				CLANG_WARN_QUOTED_INCLUDE_IN_FRAMEWORK_HEADER = YES;
				CLANG_WARN_RANGE_LOOP_ANALYSIS = YES;
				CLANG_WARN_STRICT_PROTOTYPES = YES;
				CLANG_WARN_SUSPICIOUS_MOVE = YES;
				CLANG_WARN_UNGUARDED_AVAILABILITY = YES_AGGRESSIVE;
				CLANG_WARN_UNREACHABLE_CODE = YES;
				CLANG_WARN__DUPLICATE_METHOD_MATCH = YES;
				COPY_PHASE_STRIP = NO;
				DEBUG_INFORMATION_FORMAT = dwarf;
				ENABLE_STRICT_OBJC_MSGSEND = YES;
				ENABLE_TESTABILITY = YES;
				GCC_C_LANGUAGE_STANDARD = gnu11;
				GCC_DYNAMIC_NO_PIC = NO;
				GCC_NO_COMMON_BLOCKS = YES;
				GCC_OPTIMIZATION_LEVEL = 0;
				GCC_PREPROCESSOR_DEFINITIONS = (
					"DEBUG=1",
					"$(inherited)",
				);
				GCC_WARN_64_TO_32_BIT_CONVERSION = YES;
				GCC_WARN_ABOUT_RETURN_TYPE = YES_ERROR;
				GCC_WARN_UNDECLARED_SELECTOR = YES;
				GCC_WARN_UNINITIALIZED_AUTOS = YES_AGGRESSIVE;
				GCC_WARN_UNUSED_FUNCTION = YES;
				GCC_WARN_UNUSED_VARIABLE = YES;
				IPHONEOS_DEPLOYMENT_TARGET = 16.4;
				MTL_ENABLE_DEBUG_INFO = INCLUDE_SOURCE;
				MTL_FAST_MATH = YES;
				ONLY_ACTIVE_ARCH = YES;
				SDKROOT = iphoneos;
				SWIFT_ACTIVE_COMPILATION_CONDITIONS = DEBUG;
				SWIFT_OPTIMIZATION_LEVEL = "-Onone";
			};
			name = Debug;
		};
		266FCA772A5DA3B40085D145 /* Release */ = {
			isa = XCBuildConfiguration;
			buildSettings = {
				ALWAYS_SEARCH_USER_PATHS = NO;
				CLANG_ANALYZER_NONNULL = YES;
				CLANG_ANALYZER_NUMBER_OBJECT_CONVERSION = YES_AGGRESSIVE;
				CLANG_CXX_LANGUAGE_STANDARD = "gnu++20";
				CLANG_ENABLE_MODULES = YES;
				CLANG_ENABLE_OBJC_ARC = YES;
				CLANG_ENABLE_OBJC_WEAK = YES;
				CLANG_WARN_BLOCK_CAPTURE_AUTORELEASING = YES;
				CLANG_WARN_BOOL_CONVERSION = YES;
				CLANG_WARN_COMMA = YES;
				CLANG_WARN_CONSTANT_CONVERSION = YES;
				CLANG_WARN_DEPRECATED_OBJC_IMPLEMENTATIONS = YES;
				CLANG_WARN_DIRECT_OBJC_ISA_USAGE = YES_ERROR;
				CLANG_WARN_DOCUMENTATION_COMMENTS = YES;
				CLANG_WARN_EMPTY_BODY = YES;
				CLANG_WARN_ENUM_CONVERSION = YES;
				CLANG_WARN_INFINITE_RECURSION = YES;
				CLANG_WARN_INT_CONVERSION = YES;
				CLANG_WARN_NON_LITERAL_NULL_CONVERSION = YES;
				CLANG_WARN_OBJC_IMPLICIT_RETAIN_SELF = YES;
				CLANG_WARN_OBJC_LITERAL_CONVERSION = YES;
				CLANG_WARN_OBJC_ROOT_CLASS = YES_ERROR;
				CLANG_WARN_QUOTED_INCLUDE_IN_FRAMEWORK_HEADER = YES;
				CLANG_WARN_RANGE_LOOP_ANALYSIS = YES;
				CLANG_WARN_STRICT_PROTOTYPES = YES;
				CLANG_WARN_SUSPICIOUS_MOVE = YES;
				CLANG_WARN_UNGUARDED_AVAILABILITY = YES_AGGRESSIVE;
				CLANG_WARN_UNREACHABLE_CODE = YES;
				CLANG_WARN__DUPLICATE_METHOD_MATCH = YES;
				COPY_PHASE_STRIP = NO;
				DEBUG_INFORMATION_FORMAT = "dwarf-with-dsym";
				ENABLE_NS_ASSERTIONS = NO;
				ENABLE_STRICT_OBJC_MSGSEND = YES;
				GCC_C_LANGUAGE_STANDARD = gnu11;
				GCC_NO_COMMON_BLOCKS = YES;
				GCC_WARN_64_TO_32_BIT_CONVERSION = YES;
				GCC_WARN_ABOUT_RETURN_TYPE = YES_ERROR;
				GCC_WARN_UNDECLARED_SELECTOR = YES;
				GCC_WARN_UNINITIALIZED_AUTOS = YES_AGGRESSIVE;
				GCC_WARN_UNUSED_FUNCTION = YES;
				GCC_WARN_UNUSED_VARIABLE = YES;
				IPHONEOS_DEPLOYMENT_TARGET = 16.4;
				MTL_ENABLE_DEBUG_INFO = NO;
				MTL_FAST_MATH = YES;
				SDKROOT = iphoneos;
				SWIFT_COMPILATION_MODE = wholemodule;
				SWIFT_OPTIMIZATION_LEVEL = "-O";
				VALIDATE_PRODUCT = YES;
			};
			name = Release;
		};
		266FCA792A5DA3B40085D145 /* Debug */ = {
			isa = XCBuildConfiguration;
			buildSettings = {
				ASSETCATALOG_COMPILER_APPICON_NAME = AppIcon;
				ASSETCATALOG_COMPILER_GLOBAL_ACCENT_COLOR_NAME = AccentColor;
				CODE_SIGN_STYLE = Automatic;
				CURRENT_PROJECT_VERSION = 1;
				DEVELOPMENT_ASSET_PATHS = "\"Greek Beers/Preview Content\"";
				DEVELOPMENT_TEAM = YNTNLH2HH8;
				ENABLE_PREVIEWS = YES;
				GENERATE_INFOPLIST_FILE = YES;
				INFOPLIST_KEY_UIApplicationSceneManifest_Generation = YES;
				INFOPLIST_KEY_UIApplicationSupportsIndirectInputEvents = YES;
				INFOPLIST_KEY_UILaunchScreen_Generation = YES;
				INFOPLIST_KEY_UISupportedInterfaceOrientations_iPad = "UIInterfaceOrientationPortrait UIInterfaceOrientationPortraitUpsideDown UIInterfaceOrientationLandscapeLeft UIInterfaceOrientationLandscapeRight";
				INFOPLIST_KEY_UISupportedInterfaceOrientations_iPhone = "UIInterfaceOrientationPortrait UIInterfaceOrientationLandscapeLeft UIInterfaceOrientationLandscapeRight";
				LD_RUNPATH_SEARCH_PATHS = (
					"$(inherited)",
					"@executable_path/Frameworks",
				);
				MARKETING_VERSION = 1.0;
				PRODUCT_BUNDLE_IDENTIFIER = "com.MyIOsProjects.Greek-Beers";
				PRODUCT_NAME = "$(TARGET_NAME)";
				SWIFT_EMIT_LOC_STRINGS = YES;
				SWIFT_VERSION = 5.0;
				TARGETED_DEVICE_FAMILY = "1,2";
			};
			name = Debug;
		};
		266FCA7A2A5DA3B40085D145 /* Release */ = {
			isa = XCBuildConfiguration;
			buildSettings = {
				ASSETCATALOG_COMPILER_APPICON_NAME = AppIcon;
				ASSETCATALOG_COMPILER_GLOBAL_ACCENT_COLOR_NAME = AccentColor;
				CODE_SIGN_STYLE = Automatic;
				CURRENT_PROJECT_VERSION = 1;
				DEVELOPMENT_ASSET_PATHS = "\"Greek Beers/Preview Content\"";
				DEVELOPMENT_TEAM = YNTNLH2HH8;
				ENABLE_PREVIEWS = YES;
				GENERATE_INFOPLIST_FILE = YES;
				INFOPLIST_KEY_UIApplicationSceneManifest_Generation = YES;
				INFOPLIST_KEY_UIApplicationSupportsIndirectInputEvents = YES;
				INFOPLIST_KEY_UILaunchScreen_Generation = YES;
				INFOPLIST_KEY_UISupportedInterfaceOrientations_iPad = "UIInterfaceOrientationPortrait UIInterfaceOrientationPortraitUpsideDown UIInterfaceOrientationLandscapeLeft UIInterfaceOrientationLandscapeRight";
				INFOPLIST_KEY_UISupportedInterfaceOrientations_iPhone = "UIInterfaceOrientationPortrait UIInterfaceOrientationLandscapeLeft UIInterfaceOrientationLandscapeRight";
				LD_RUNPATH_SEARCH_PATHS = (
					"$(inherited)",
					"@executable_path/Frameworks",
				);
				MARKETING_VERSION = 1.0;
				PRODUCT_BUNDLE_IDENTIFIER = "com.MyIOsProjects.Greek-Beers";
				PRODUCT_NAME = "$(TARGET_NAME)";
				SWIFT_EMIT_LOC_STRINGS = YES;
				SWIFT_VERSION = 5.0;
				TARGETED_DEVICE_FAMILY = "1,2";
			};
			name = Release;
		};
/* End XCBuildConfiguration section */

/* Begin XCConfigurationList section */
		266FCA652A5DA3B30085D145 /* Build configuration list for PBXProject "Greek Beers" */ = {
			isa = XCConfigurationList;
			buildConfigurations = (
				266FCA762A5DA3B40085D145 /* Debug */,
				266FCA772A5DA3B40085D145 /* Release */,
			);
			defaultConfigurationIsVisible = 0;
			defaultConfigurationName = Release;
		};
		266FCA782A5DA3B40085D145 /* Build configuration list for PBXNativeTarget "Greek Beers" */ = {
			isa = XCConfigurationList;
			buildConfigurations = (
				266FCA792A5DA3B40085D145 /* Debug */,
				266FCA7A2A5DA3B40085D145 /* Release */,
			);
			defaultConfigurationIsVisible = 0;
			defaultConfigurationName = Release;
		};
/* End XCConfigurationList section */
	};
	rootObject = 266FCA622A5DA3B30085D145 /* Project object */;
}
